
Microsoft Visual Studio Solution File, Format Version 12.00
# Visual Studio Version 17
VisualStudioVersion = 17.8.34316.72
MinimumVisualStudioVersion = 10.0.40219.1
Project("{FAE04EC0-301F-11D3-BF4B-00C04F79EFBC}") = "EmployeeAPI", "EmployeeAPI\EmployeeAPI.csproj", "{9FC3FE7D-D453-4F9B-95CC-9C86DF030399}"
EndProject
Global
	GlobalSection(SolutionConfigurationPlatforms) = preSolution
		Debug|Any CPU = Debug|Any CPU
		Release|Any CPU = Release|Any CPU
	EndGlobalSection
	GlobalSection(ProjectConfigurationPlatforms) = postSolution
		{9FC3FE7D-D453-4F9B-95CC-9C86DF030399}.Debug|Any CPU.ActiveCfg = Debug|Any CPU
		{9FC3FE7D-D453-4F9B-95CC-9C86DF030399}.Debug|Any CPU.Build.0 = Debug|Any CPU
		{9FC3FE7D-D453-4F9B-95CC-9C86DF030399}.Release|Any CPU.ActiveCfg = Release|Any CPU
		{9FC3FE7D-D453-4F9B-95CC-9C86DF030399}.Release|Any CPU.Build.0 = Release|Any CPU
	EndGlobalSection
	GlobalSection(SolutionProperties) = preSolution
		HideSolutionNode = FALSE
	EndGlobalSection
	GlobalSection(ExtensibilityGlobals) = postSolution
		SolutionGuid = {D48EF646-9E3D-4635-82A9-90CF07D4BCD2}
	EndGlobalSection
EndGlobal
